
Microsoft Visual Studio Solution File, Format Version 12.00
# Visual Studio Version 17
VisualStudioVersion = 17.0.31903.59
MinimumVisualStudioVersion = 10.0.40219.1
Project("{2150E333-8FDC-42A3-9474-1A3956D46DE8}") = "src", "src", "{827E0CD3-B72D-47B6-A68D-7590B98EB39B}"
EndProject
Project("{FAE04EC0-301F-11D3-BF4B-00C04F79EFBC}") = "AdventureRental.Core", "src\AdventureRental.Core\AdventureRental.Core.csproj", "{5BB8CBAD-DF38-465A-98D8-B1B641F212F1}"
EndProject
Project("{FAE04EC0-301F-11D3-BF4B-00C04F79EFBC}") = "AdventureRental.Infrastructure", "src\AdventureRental.Infrastructure\AdventureRental.Infrastructure.csproj", "{832E2ADE-728C-42F0-8258-7FE1DE1BFECC}"
EndProject
Project("{FAE04EC0-301F-11D3-BF4B-00C04F79EFBC}") = "AdventureRental.Api", "src\AdventureRental.Api\AdventureRental.Api.csproj", "{B42BBE5A-7F36-4A22-91B8-38D9469258A1}"
EndProject
Project("{FAE04EC0-301F-11D3-BF4B-00C04F79EFBC}") = "AdventureRental.Web", "src\AdventureRental.Web\AdventureRental.Web.csproj", "{5C142DC7-E965-4ADE-AC25-76321D497B2B}"
EndProject
Project("{FAE04EC0-301F-11D3-BF4B-00C04F79EFBC}") = "AdventureRental.Tests", "tests\AdventureRental.Tests\AdventureRental.Tests.csproj", "{61B374C7-CEA1-4C87-8016-91206A74AAFC}"
EndProject
Global
	GlobalSection(SolutionConfigurationPlatforms) = preSolution
		Debug|Any CPU = Debug|Any CPU
		Debug|x64 = Debug|x64
		Debug|x86 = Debug|x86
		Release|Any CPU = Release|Any CPU
		Release|x64 = Release|x64
		Release|x86 = Release|x86
	EndGlobalSection
	GlobalSection(ProjectConfigurationPlatforms) = postSolution
		{5BB8CBAD-DF38-465A-98D8-B1B641F212F1}.Debug|Any CPU.ActiveCfg = Debug|Any CPU
		{5BB8CBAD-DF38-465A-98D8-B1B641F212F1}.Debug|Any CPU.Build.0 = Debug|Any CPU
		{5BB8CBAD-DF38-465A-98D8-B1B641F212F1}.Debug|x64.ActiveCfg = Debug|Any CPU
		{5BB8CBAD-DF38-465A-98D8-B1B641F212F1}.Debug|x64.Build.0 = Debug|Any CPU
		{5BB8CBAD-DF38-465A-98D8-B1B641F212F1}.Debug|x86.ActiveCfg = Debug|Any CPU
		{5BB8CBAD-DF38-465A-98D8-B1B641F212F1}.Debug|x86.Build.0 = Debug|Any CPU
		{5BB8CBAD-DF38-465A-98D8-B1B641F212F1}.Release|Any CPU.ActiveCfg = Release|Any CPU
		{5BB8CBAD-DF38-465A-98D8-B1B641F212F1}.Release|Any CPU.Build.0 = Release|Any CPU
		{5BB8CBAD-DF38-465A-98D8-B1B641F212F1}.Release|x64.ActiveCfg = Release|Any CPU
		{5BB8CBAD-DF38-465A-98D8-B1B641F212F1}.Release|x64.Build.0 = Release|Any CPU
		{5BB8CBAD-DF38-465A-98D8-B1B641F212F1}.Release|x86.ActiveCfg = Release|Any CPU
		{5BB8CBAD-DF38-465A-98D8-B1B641F212F1}.Release|x86.Build.0 = Release|Any CPU
		{832E2ADE-728C-42F0-8258-7FE1DE1BFECC}.Debug|Any CPU.ActiveCfg = Debug|Any CPU
		{832E2ADE-728C-42F0-8258-7FE1DE1BFECC}.Debug|Any CPU.Build.0 = Debug|Any CPU
		{832E2ADE-728C-42F0-8258-7FE1DE1BFECC}.Debug|x64.ActiveCfg = Debug|Any CPU
		{832E2ADE-728C-42F0-8258-7FE1DE1BFECC}.Debug|x64.Build.0 = Debug|Any CPU
		{832E2ADE-728C-42F0-8258-7FE1DE1BFECC}.Debug|x86.ActiveCfg = Debug|Any CPU
		{832E2ADE-728C-42F0-8258-7FE1DE1BFECC}.Debug|x86.Build.0 = Debug|Any CPU
		{832E2ADE-728C-42F0-8258-7FE1DE1BFECC}.Release|Any CPU.ActiveCfg = Release|Any CPU
		{832E2ADE-728C-42F0-8258-7FE1DE1BFECC}.Release|Any CPU.Build.0 = Release|Any CPU
		{832E2ADE-728C-42F0-8258-7FE1DE1BFECC}.Release|x64.ActiveCfg = Release|Any CPU
		{832E2ADE-728C-42F0-8258-7FE1DE1BFECC}.Release|x64.Build.0 = Release|Any CPU
		{832E2ADE-728C-42F0-8258-7FE1DE1BFECC}.Release|x86.ActiveCfg = Release|Any CPU
		{832E2ADE-728C-42F0-8258-7FE1DE1BFECC}.Release|x86.Build.0 = Release|Any CPU
		{B42BBE5A-7F36-4A22-91B8-38D9469258A1}.Debug|Any CPU.ActiveCfg = Debug|Any CPU
		{B42BBE5A-7F36-4A22-91B8-38D9469258A1}.Debug|Any CPU.Build.0 = Debug|Any CPU
		{B42BBE5A-7F36-4A22-91B8-38D9469258A1}.Debug|x64.ActiveCfg = Debug|Any CPU
		{B42BBE5A-7F36-4A22-91B8-38D9469258A1}.Debug|x64.Build.0 = Debug|Any CPU
		{B42BBE5A-7F36-4A22-91B8-38D9469258A1}.Debug|x86.ActiveCfg = Debug|Any CPU
		{B42BBE5A-7F36-4A22-91B8-38D9469258A1}.Debug|x86.Build.0 = Debug|Any CPU
		{B42BBE5A-7F36-4A22-91B8-38D9469258A1}.Release|Any CPU.ActiveCfg = Release|Any CPU
		{B42BBE5A-7F36-4A22-91B8-38D9469258A1}.Release|Any CPU.Build.0 = Release|Any CPU
		{B42BBE5A-7F36-4A22-91B8-38D9469258A1}.Release|x64.ActiveCfg = Release|Any CPU
		{B42BBE5A-7F36-4A22-91B8-38D9469258A1}.Release|x64.Build.0 = Release|Any CPU
		{B42BBE5A-7F36-4A22-91B8-38D9469258A1}.Release|x86.ActiveCfg = Release|Any CPU
		{B42BBE5A-7F36-4A22-91B8-38D9469258A1}.Release|x86.Build.0 = Release|Any CPU
		{5C142DC7-E965-4ADE-AC25-76321D497B2B}.Debug|Any CPU.ActiveCfg = Debug|Any CPU
		{5C142DC7-E965-4ADE-AC25-76321D497B2B}.Debug|Any CPU.Build.0 = Debug|Any CPU
		{5C142DC7-E965-4ADE-AC25-76321D497B2B}.Debug|x64.ActiveCfg = Debug|Any CPU
		{5C142DC7-E965-4ADE-AC25-76321D497B2B}.Debug|x64.Build.0 = Debug|Any CPU
		{5C142DC7-E965-4ADE-AC25-76321D497B2B}.Debug|x86.ActiveCfg = Debug|Any CPU
		{5C142DC7-E965-4ADE-AC25-76321D497B2B}.Debug|x86.Build.0 = Debug|Any CPU
		{5C142DC7-E965-4ADE-AC25-76321D497B2B}.Release|Any CPU.ActiveCfg = Release|Any CPU
		{5C142DC7-E965-4ADE-AC25-76321D497B2B}.Release|Any CPU.Build.0 = Release|Any CPU
		{5C142DC7-E965-4ADE-AC25-76321D497B2B}.Release|x64.ActiveCfg = Release|Any CPU
		{5C142DC7-E965-4ADE-AC25-76321D497B2B}.Release|x64.Build.0 = Release|Any CPU
		{5C142DC7-E965-4ADE-AC25-76321D497B2B}.Release|x86.ActiveCfg = Release|Any CPU
		{5C142DC7-E965-4ADE-AC25-76321D497B2B}.Release|x86.Build.0 = Release|Any CPU
		{61B374C7-CEA1-4C87-8016-91206A74AAFC}.Debug|Any CPU.ActiveCfg = Debug|Any CPU
		{61B374C7-CEA1-4C87-8016-91206A74AAFC}.Debug|Any CPU.Build.0 = Debug|Any CPU
		{61B374C7-CEA1-4C87-8016-91206A74AAFC}.Debug|x64.ActiveCfg = Debug|Any CPU
		{61B374C7-CEA1-4C87-8016-91206A74AAFC}.Debug|x64.Build.0 = Debug|Any CPU
		{61B374C7-CEA1-4C87-8016-91206A74AAFC}.Debug|x86.ActiveCfg = Debug|Any CPU
		{61B374C7-CEA1-4C87-8016-91206A74AAFC}.Debug|x86.Build.0 = Debug|Any CPU
		{61B374C7-CEA1-4C87-8016-91206A74AAFC}.Release|Any CPU.ActiveCfg = Release|Any CPU
		{61B374C7-CEA1-4C87-8016-91206A74AAFC}.Release|Any CPU.Build.0 = Release|Any CPU
		{61B374C7-CEA1-4C87-8016-91206A74AAFC}.Release|x64.ActiveCfg = Release|Any CPU
		{61B374C7-CEA1-4C87-8016-91206A74AAFC}.Release|x64.Build.0 = Release|Any CPU
		{61B374C7-CEA1-4C87-8016-91206A74AAFC}.Release|x86.ActiveCfg = Release|Any CPU
		{61B374C7-CEA1-4C87-8016-91206A74AAFC}.Release|x86.Build.0 = Release|Any CPU
	EndGlobalSection
	GlobalSection(SolutionProperties) = preSolution
		HideSolutionNode = FALSE
	EndGlobalSection
	GlobalSection(NestedProjects) = preSolution
		{5BB8CBAD-DF38-465A-98D8-B1B641F212F1} = {827E0CD3-B72D-47B6-A68D-7590B98EB39B}
		{832E2ADE-728C-42F0-8258-7FE1DE1BFECC} = {827E0CD3-B72D-47B6-A68D-7590B98EB39B}
		{B42BBE5A-7F36-4A22-91B8-38D9469258A1} = {827E0CD3-B72D-47B6-A68D-7590B98EB39B}
		{5C142DC7-E965-4ADE-AC25-76321D497B2B} = {827E0CD3-B72D-47B6-A68D-7590B98EB39B}
		{61B374C7-CEA1-4C87-8016-91206A74AAFC} = {827E0CD3-B72D-47B6-A68D-7590B98EB39B}
	EndGlobalSection
EndGlobal
